Microsoft Visual Studio Solution File, Format Version 12.00
# Visual Studio Version 17
VisualStudioVersion = 17.2.32616.157
MinimumVisualStudioVersion = 10.0.40219.1
Project("{2150E333-8FDC-42A3-9474-1A3956D46DE8}") = "Tests", "Tests", "{6E913090-EA34-4A90-8DBB-1501F9981F53}"
	ProjectSection(SolutionItems) = preProject
		Tests\TestHelper.config = Tests\TestHelper.config
	EndProjectSection
EndProject
Project("{2150E333-8FDC-42A3-9474-1A3956D46DE8}") = "Solution Items", "Solution Items", "{9DEAD117-3101-4DED-9FCC-8AA28CF4F34C}"
	ProjectSection(SolutionItems) = preProject
		.editorconfig = .editorconfig
		.gitignore = .gitignore
		appveyor.yml = appveyor.yml
		Directory.Build.props = Directory.Build.props
		NuGet.config = NuGet.config
		README.md = README.md
		RepositoryInfo.xml = RepositoryInfo.xml
		Common\SharedKey.snk = Common\SharedKey.snk
	EndProjectSection
EndProject
Project("{9A19103F-16F7-4668-BE54-9A1E7A4F7556}") = "CodeCakeBuilder", "CodeCakeBuilder\CodeCakeBuilder.csproj", "{FD4817B6-3CD7-4E74-AA10-7CA95FDFCF2D}"
EndProject
Project("{9A19103F-16F7-4668-BE54-9A1E7A4F7556}") = "CK.StObj.Model", "CK.StObj.Model\CK.StObj.Model.csproj", "{D5F0D049-EF52-48A3-B8B1-DB9A0B641327}"
EndProject
Project("{9A19103F-16F7-4668-BE54-9A1E7A4F7556}") = "CK.StObj.Runtime", "CK.StObj.Runtime\CK.StObj.Runtime.csproj", "{1B487A5E-8893-4679-81DA-393EFC9DC60E}"
EndProject
Project("{9A19103F-16F7-4668-BE54-9A1E7A4F7556}") = "CK.StObj.Engine", "CK.StObj.Engine\CK.StObj.Engine.csproj", "{F4BB03DB-A496-4233-AFCD-219E845CE8BF}"
EndProject
Project("{9A19103F-16F7-4668-BE54-9A1E7A4F7556}") = "CK.StObj.Engine.Tests", "Tests\CK.StObj.Engine.Tests\CK.StObj.Engine.Tests.csproj", "{789F2105-8344-46EC-82D6-60B64C8EEBBA}"
EndProject
Project("{9A19103F-16F7-4668-BE54-9A1E7A4F7556}") = "CK.Testing.StObjMap", "CK.Testing.StObjMap\CK.Testing.StObjMap.csproj", "{0C0FDC63-80B5-4979-A726-4B7854C9AF01}"
EndProject
Project("{9A19103F-16F7-4668-BE54-9A1E7A4F7556}") = "CK.Testing.StObjSetup", "CK.Testing.StObjSetup\CK.Testing.StObjSetup.csproj", "{96E6682B-03C7-411A-9B5C-42FD2CDEAD3A}"
EndProject
Project("{9A19103F-16F7-4668-BE54-9A1E7A4F7556}") = "CK.Testing.StObjEngine", "CK.Testing.StObjEngine\CK.Testing.StObjEngine.csproj", "{CA67A125-EA16-4B79-88BB-F6AFCF810683}"
EndProject
Project("{2150E333-8FDC-42A3-9474-1A3956D46DE8}") = "StObjEngineTesting", "StObjEngineTesting", "{9CA6D1E8-177C-4A15-9CFA-3A314A0EFAC1}"
EndProject
Project("{9A19103F-16F7-4668-BE54-9A1E7A4F7556}") = "Sample.Model", "Tests\StObjEngineTesting\Sample.Model\Sample.Model.csproj", "{03F1F963-8B37-4E92-9374-087785A749DE}"
EndProject
Project("{9A19103F-16F7-4668-BE54-9A1E7A4F7556}") = "Sample.Engine", "Tests\StObjEngineTesting\Sample.Engine\Sample.Engine.csproj", "{DC1534C5-44E9-47B3-8551-D5B21E88FEE3}"
EndProject
Project("{2150E333-8FDC-42A3-9474-1A3956D46DE8}") = "Tests", "Tests", "{CC4BA631-F0DD-4422-B5D9-1D2009FB4D80}"
EndProject
Project("{9A19103F-16F7-4668-BE54-9A1E7A4F7556}") = "Sample.Engine.Tests", "Tests\StObjEngineTesting\Tests\Sample.Engine.Tests\Sample.Engine.Tests.csproj", "{4E65F5F8-D49D-4B45-B430-8637F584B4D2}"
EndProject
Project("{2150E333-8FDC-42A3-9474-1A3956D46DE8}") = "StObjSetupTesting", "StObjSetupTesting", "{C3D2F23D-B74E-4D10-A22E-D522623C968A}"
EndProject
Project("{9A19103F-16F7-4668-BE54-9A1E7A4F7556}") = "LibWithSampleModel", "Tests\StObjSetupTesting\LibWithSampleModel\LibWithSampleModel.csproj", "{999346EF-E9B8-4C5B-851A-61E2C5F812FC}"
EndProject
Project("{2150E333-8FDC-42A3-9474-1A3956D46DE8}") = "Tests", "Tests", "{FAEAD54B-C35E-4F3F-8284-BB35CF7244BD}"
	ProjectSection(SolutionItems) = preProject
		Tests\StObjSetupTesting\Tests\TestHelper.config = Tests\StObjSetupTesting\Tests\TestHelper.config
	EndProjectSection
EndProject
Project("{9A19103F-16F7-4668-BE54-9A1E7A4F7556}") = "LibWithSampleModel.Tests", "Tests\StObjSetupTesting\Tests\LibWithSampleModel.Tests\LibWithSampleModel.Tests.csproj", "{104904DA-469B-41EF-93E2-4C571AF95E29}"
EndProject
Project("{9A19103F-16F7-4668-BE54-9A1E7A4F7556}") = "CK.Poco.Exchange", "CK.Poco.Exchange\CK.Poco.Exchange.csproj", "{036A9A57-F097-4836-9274-B7AB9A4CFB30}"
EndProject
Project("{9A19103F-16F7-4668-BE54-9A1E7A4F7556}") = "CK.Poco.Exc.Json", "CK.Poco.Exc.Json\CK.Poco.Exc.Json.csproj", "{9C7C3C30-6498-41F0-8838-6E67D4C5A270}"
EndProject
Project("{9A19103F-16F7-4668-BE54-9A1E7A4F7556}") = "CK.Poco.Exc.Json.Engine", "CK.Poco.Exc.Json.Engine\CK.Poco.Exc.Json.Engine.csproj", "{FE06BF59-EB44-4E4B-87E5-9B0ADF26F9E5}"
EndProject
Project("{9A19103F-16F7-4668-BE54-9A1E7A4F7556}") = "CK.Poco.Exc.Json.Tests", "Tests\CK.Poco.Exc.Json.Tests\CK.Poco.Exc.Json.Tests.csproj", "{08D062CE-2DED-4827-9334-C5C1553B7749}"
EndProject
Project("{9A19103F-16F7-4668-BE54-9A1E7A4F7556}") = "CK.Poco.Exchange.Engine", "CK.Poco.Exchange.Engine\CK.Poco.Exchange.Engine.csproj", "{C1AEB1CE-204C-495C-A7EA-AFFE01BDE82D}"
EndProject
Project("{9A19103F-16F7-4668-BE54-9A1E7A4F7556}") = "CK.Engine.Configuration", "CK.Engine.Configuration\CK.Engine.Configuration.csproj", "{A9853B31-5354-41D9-AA38-E9A6E61D9BD7}"
EndProject
Project("{9A19103F-16F7-4668-BE54-9A1E7A4F7556}") = "CK.Engine.TypeCollector", "CK.Engine.TypeCollector\CK.Engine.TypeCollector.csproj", "{75C73A3C-0384-4A21-A3D8-B193A7919B02}"
EndProject
Project("{9A19103F-16F7-4668-BE54-9A1E7A4F7556}") = "CK.Abstractions", "CK.Abstractions\CK.Abstractions.csproj", "{DDC9E5C0-EEE7-40ED-BBCB-25969DC26902}"
EndProject
Project("{FAE04EC0-301F-11D3-BF4B-00C04F79EFBC}") = "CK.Engine", "CK.Engine\CK.Engine.csproj", "{D10296C4-2A1D-4757-BE56-238488F207DA}"
EndProject
Global
	GlobalSection(SolutionConfigurationPlatforms) = preSolution
		Debug|Any CPU = Debug|Any CPU
		Debug|Mixed Platforms = Debug|Mixed Platforms
		Debug|x86 = Debug|x86
		Release|Any CPU = Release|Any CPU
		Release|Mixed Platforms = Release|Mixed Platforms
		Release|x86 = Release|x86
	EndGlobalSection
	GlobalSection(ProjectConfigurationPlatforms) = postSolution
		{FD4817B6-3CD7-4E74-AA10-7CA95FDFCF2D}.Debug|Any CPU.ActiveCfg = Debug|Any CPU
		{FD4817B6-3CD7-4E74-AA10-7CA95FDFCF2D}.Debug|Any CPU.Build.0 = Debug|Any CPU
		{FD4817B6-3CD7-4E74-AA10-7CA95FDFCF2D}.Debug|Mixed Platforms.ActiveCfg = Debug|Any CPU
		{FD4817B6-3CD7-4E74-AA10-7CA95FDFCF2D}.Debug|Mixed Platforms.Build.0 = Debug|Any CPU
		{FD4817B6-3CD7-4E74-AA10-7CA95FDFCF2D}.Debug|x86.ActiveCfg = Debug|Any CPU
		{FD4817B6-3CD7-4E74-AA10-7CA95FDFCF2D}.Debug|x86.Build.0 = Debug|Any CPU
		{FD4817B6-3CD7-4E74-AA10-7CA95FDFCF2D}.Release|Any CPU.ActiveCfg = Release|Any CPU
		{FD4817B6-3CD7-4E74-AA10-7CA95FDFCF2D}.Release|Any CPU.Build.0 = Release|Any CPU
		{FD4817B6-3CD7-4E74-AA10-7CA95FDFCF2D}.Release|Mixed Platforms.ActiveCfg = Release|Any CPU
		{FD4817B6-3CD7-4E74-AA10-7CA95FDFCF2D}.Release|Mixed Platforms.Build.0 = Release|Any CPU
		{FD4817B6-3CD7-4E74-AA10-7CA95FDFCF2D}.Release|x86.ActiveCfg = Release|Any CPU
		{FD4817B6-3CD7-4E74-AA10-7CA95FDFCF2D}.Release|x86.Build.0 = Release|Any CPU
		{D5F0D049-EF52-48A3-B8B1-DB9A0B641327}.Debug|Any CPU.ActiveCfg = Debug|Any CPU
		{D5F0D049-EF52-48A3-B8B1-DB9A0B641327}.Debug|Any CPU.Build.0 = Debug|Any CPU
		{D5F0D049-EF52-48A3-B8B1-DB9A0B641327}.Debug|Mixed Platforms.ActiveCfg = Debug|Any CPU
		{D5F0D049-EF52-48A3-B8B1-DB9A0B641327}.Debug|Mixed Platforms.Build.0 = Debug|Any CPU
		{D5F0D049-EF52-48A3-B8B1-DB9A0B641327}.Debug|x86.ActiveCfg = Debug|Any CPU
		{D5F0D049-EF52-48A3-B8B1-DB9A0B641327}.Debug|x86.Build.0 = Debug|Any CPU
		{D5F0D049-EF52-48A3-B8B1-DB9A0B641327}.Release|Any CPU.ActiveCfg = Release|Any CPU
		{D5F0D049-EF52-48A3-B8B1-DB9A0B641327}.Release|Any CPU.Build.0 = Release|Any CPU
		{D5F0D049-EF52-48A3-B8B1-DB9A0B641327}.Release|Mixed Platforms.ActiveCfg = Release|Any CPU
		{D5F0D049-EF52-48A3-B8B1-DB9A0B641327}.Release|Mixed Platforms.Build.0 = Release|Any CPU
		{D5F0D049-EF52-48A3-B8B1-DB9A0B641327}.Release|x86.ActiveCfg = Release|Any CPU
		{D5F0D049-EF52-48A3-B8B1-DB9A0B641327}.Release|x86.Build.0 = Release|Any CPU
		{1B487A5E-8893-4679-81DA-393EFC9DC60E}.Debug|Any CPU.ActiveCfg = Debug|Any CPU
		{1B487A5E-8893-4679-81DA-393EFC9DC60E}.Debug|Any CPU.Build.0 = Debug|Any CPU
		{1B487A5E-8893-4679-81DA-393EFC9DC60E}.Debug|Mixed Platforms.ActiveCfg = Debug|Any CPU
		{1B487A5E-8893-4679-81DA-393EFC9DC60E}.Debug|Mixed Platforms.Build.0 = Debug|Any CPU
		{1B487A5E-8893-4679-81DA-393EFC9DC60E}.Debug|x86.ActiveCfg = Debug|Any CPU
		{1B487A5E-8893-4679-81DA-393EFC9DC60E}.Debug|x86.Build.0 = Debug|Any CPU
		{1B487A5E-8893-4679-81DA-393EFC9DC60E}.Release|Any CPU.ActiveCfg = Release|Any CPU
		{1B487A5E-8893-4679-81DA-393EFC9DC60E}.Release|Any CPU.Build.0 = Release|Any CPU
		{1B487A5E-8893-4679-81DA-393EFC9DC60E}.Release|Mixed Platforms.ActiveCfg = Release|Any CPU
		{1B487A5E-8893-4679-81DA-393EFC9DC60E}.Release|Mixed Platforms.Build.0 = Release|Any CPU
		{1B487A5E-8893-4679-81DA-393EFC9DC60E}.Release|x86.ActiveCfg = Release|Any CPU
		{1B487A5E-8893-4679-81DA-393EFC9DC60E}.Release|x86.Build.0 = Release|Any CPU
		{F4BB03DB-A496-4233-AFCD-219E845CE8BF}.Debug|Any CPU.ActiveCfg = Debug|Any CPU
		{F4BB03DB-A496-4233-AFCD-219E845CE8BF}.Debug|Any CPU.Build.0 = Debug|Any CPU
		{F4BB03DB-A496-4233-AFCD-219E845CE8BF}.Debug|Mixed Platforms.ActiveCfg = Debug|Any CPU
		{F4BB03DB-A496-4233-AFCD-219E845CE8BF}.Debug|Mixed Platforms.Build.0 = Debug|Any CPU
		{F4BB03DB-A496-4233-AFCD-219E845CE8BF}.Debug|x86.ActiveCfg = Debug|Any CPU
		{F4BB03DB-A496-4233-AFCD-219E845CE8BF}.Debug|x86.Build.0 = Debug|Any CPU
		{F4BB03DB-A496-4233-AFCD-219E845CE8BF}.Release|Any CPU.ActiveCfg = Release|Any CPU
		{F4BB03DB-A496-4233-AFCD-219E845CE8BF}.Release|Any CPU.Build.0 = Release|Any CPU
		{F4BB03DB-A496-4233-AFCD-219E845CE8BF}.Release|Mixed Platforms.ActiveCfg = Release|Any CPU
		{F4BB03DB-A496-4233-AFCD-219E845CE8BF}.Release|Mixed Platforms.Build.0 = Release|Any CPU
		{F4BB03DB-A496-4233-AFCD-219E845CE8BF}.Release|x86.ActiveCfg = Release|Any CPU
		{F4BB03DB-A496-4233-AFCD-219E845CE8BF}.Release|x86.Build.0 = Release|Any CPU
		{789F2105-8344-46EC-82D6-60B64C8EEBBA}.Debug|Any CPU.ActiveCfg = Debug|Any CPU
		{789F2105-8344-46EC-82D6-60B64C8EEBBA}.Debug|Any CPU.Build.0 = Debug|Any CPU
		{789F2105-8344-46EC-82D6-60B64C8EEBBA}.Debug|Mixed Platforms.ActiveCfg = Debug|Any CPU
		{789F2105-8344-46EC-82D6-60B64C8EEBBA}.Debug|Mixed Platforms.Build.0 = Debug|Any CPU
		{789F2105-8344-46EC-82D6-60B64C8EEBBA}.Debug|x86.ActiveCfg = Debug|Any CPU
		{789F2105-8344-46EC-82D6-60B64C8EEBBA}.Debug|x86.Build.0 = Debug|Any CPU
		{789F2105-8344-46EC-82D6-60B64C8EEBBA}.Release|Any CPU.ActiveCfg = Release|Any CPU
		{789F2105-8344-46EC-82D6-60B64C8EEBBA}.Release|Any CPU.Build.0 = Release|Any CPU
		{789F2105-8344-46EC-82D6-60B64C8EEBBA}.Release|Mixed Platforms.ActiveCfg = Release|Any CPU
		{789F2105-8344-46EC-82D6-60B64C8EEBBA}.Release|Mixed Platforms.Build.0 = Release|Any CPU
		{789F2105-8344-46EC-82D6-60B64C8EEBBA}.Release|x86.ActiveCfg = Release|Any CPU
		{789F2105-8344-46EC-82D6-60B64C8EEBBA}.Release|x86.Build.0 = Release|Any CPU
		{0C0FDC63-80B5-4979-A726-4B7854C9AF01}.Debug|Any CPU.ActiveCfg = Debug|Any CPU
		{0C0FDC63-80B5-4979-A726-4B7854C9AF01}.Debug|Any CPU.Build.0 = Debug|Any CPU
		{0C0FDC63-80B5-4979-A726-4B7854C9AF01}.Debug|Mixed Platforms.ActiveCfg = Debug|Any CPU
		{0C0FDC63-80B5-4979-A726-4B7854C9AF01}.Debug|Mixed Platforms.Build.0 = Debug|Any CPU
		{0C0FDC63-80B5-4979-A726-4B7854C9AF01}.Debug|x86.ActiveCfg = Debug|Any CPU
		{0C0FDC63-80B5-4979-A726-4B7854C9AF01}.Debug|x86.Build.0 = Debug|Any CPU
		{0C0FDC63-80B5-4979-A726-4B7854C9AF01}.Release|Any CPU.ActiveCfg = Release|Any CPU
		{0C0FDC63-80B5-4979-A726-4B7854C9AF01}.Release|Any CPU.Build.0 = Release|Any CPU
		{0C0FDC63-80B5-4979-A726-4B7854C9AF01}.Release|Mixed Platforms.ActiveCfg = Release|Any CPU
		{0C0FDC63-80B5-4979-A726-4B7854C9AF01}.Release|Mixed Platforms.Build.0 = Release|Any CPU
		{0C0FDC63-80B5-4979-A726-4B7854C9AF01}.Release|x86.ActiveCfg = Release|Any CPU
		{0C0FDC63-80B5-4979-A726-4B7854C9AF01}.Release|x86.Build.0 = Release|Any CPU
		{96E6682B-03C7-411A-9B5C-42FD2CDEAD3A}.Debug|Any CPU.ActiveCfg = Debug|Any CPU
		{96E6682B-03C7-411A-9B5C-42FD2CDEAD3A}.Debug|Any CPU.Build.0 = Debug|Any CPU
		{96E6682B-03C7-411A-9B5C-42FD2CDEAD3A}.Debug|Mixed Platforms.ActiveCfg = Debug|Any CPU
		{96E6682B-03C7-411A-9B5C-42FD2CDEAD3A}.Debug|Mixed Platforms.Build.0 = Debug|Any CPU
		{96E6682B-03C7-411A-9B5C-42FD2CDEAD3A}.Debug|x86.ActiveCfg = Debug|Any CPU
		{96E6682B-03C7-411A-9B5C-42FD2CDEAD3A}.Debug|x86.Build.0 = Debug|Any CPU
		{96E6682B-03C7-411A-9B5C-42FD2CDEAD3A}.Release|Any CPU.ActiveCfg = Release|Any CPU
		{96E6682B-03C7-411A-9B5C-42FD2CDEAD3A}.Release|Any CPU.Build.0 = Release|Any CPU
		{96E6682B-03C7-411A-9B5C-42FD2CDEAD3A}.Release|Mixed Platforms.ActiveCfg = Release|Any CPU
		{96E6682B-03C7-411A-9B5C-42FD2CDEAD3A}.Release|Mixed Platforms.Build.0 = Release|Any CPU
		{96E6682B-03C7-411A-9B5C-42FD2CDEAD3A}.Release|x86.ActiveCfg = Release|Any CPU
		{96E6682B-03C7-411A-9B5C-42FD2CDEAD3A}.Release|x86.Build.0 = Release|Any CPU
		{CA67A125-EA16-4B79-88BB-F6AFCF810683}.Debug|Any CPU.ActiveCfg = Debug|Any CPU
		{CA67A125-EA16-4B79-88BB-F6AFCF810683}.Debug|Any CPU.Build.0 = Debug|Any CPU
		{CA67A125-EA16-4B79-88BB-F6AFCF810683}.Debug|Mixed Platforms.ActiveCfg = Debug|Any CPU
		{CA67A125-EA16-4B79-88BB-F6AFCF810683}.Debug|Mixed Platforms.Build.0 = Debug|Any CPU
		{CA67A125-EA16-4B79-88BB-F6AFCF810683}.Debug|x86.ActiveCfg = Debug|Any CPU
		{CA67A125-EA16-4B79-88BB-F6AFCF810683}.Debug|x86.Build.0 = Debug|Any CPU
		{CA67A125-EA16-4B79-88BB-F6AFCF810683}.Release|Any CPU.ActiveCfg = Release|Any CPU
		{CA67A125-EA16-4B79-88BB-F6AFCF810683}.Release|Any CPU.Build.0 = Release|Any CPU
		{CA67A125-EA16-4B79-88BB-F6AFCF810683}.Release|Mixed Platforms.ActiveCfg = Release|Any CPU
		{CA67A125-EA16-4B79-88BB-F6AFCF810683}.Release|Mixed Platforms.Build.0 = Release|Any CPU
		{CA67A125-EA16-4B79-88BB-F6AFCF810683}.Release|x86.ActiveCfg = Release|Any CPU
		{CA67A125-EA16-4B79-88BB-F6AFCF810683}.Release|x86.Build.0 = Release|Any CPU
		{03F1F963-8B37-4E92-9374-087785A749DE}.Debug|Any CPU.ActiveCfg = Debug|Any CPU
		{03F1F963-8B37-4E92-9374-087785A749DE}.Debug|Any CPU.Build.0 = Debug|Any CPU
		{03F1F963-8B37-4E92-9374-087785A749DE}.Debug|Mixed Platforms.ActiveCfg = Debug|Any CPU
		{03F1F963-8B37-4E92-9374-087785A749DE}.Debug|Mixed Platforms.Build.0 = Debug|Any CPU
		{03F1F963-8B37-4E92-9374-087785A749DE}.Debug|x86.ActiveCfg = Debug|Any CPU
		{03F1F963-8B37-4E92-9374-087785A749DE}.Debug|x86.Build.0 = Debug|Any CPU
		{03F1F963-8B37-4E92-9374-087785A749DE}.Release|Any CPU.ActiveCfg = Release|Any CPU
		{03F1F963-8B37-4E92-9374-087785A749DE}.Release|Any CPU.Build.0 = Release|Any CPU
		{03F1F963-8B37-4E92-9374-087785A749DE}.Release|Mixed Platforms.ActiveCfg = Release|Any CPU
		{03F1F963-8B37-4E92-9374-087785A749DE}.Release|Mixed Platforms.Build.0 = Release|Any CPU
		{03F1F963-8B37-4E92-9374-087785A749DE}.Release|x86.ActiveCfg = Release|Any CPU
		{03F1F963-8B37-4E92-9374-087785A749DE}.Release|x86.Build.0 = Release|Any CPU
		{DC1534C5-44E9-47B3-8551-D5B21E88FEE3}.Debug|Any CPU.ActiveCfg = Debug|Any CPU
		{DC1534C5-44E9-47B3-8551-D5B21E88FEE3}.Debug|Any CPU.Build.0 = Debug|Any CPU
		{DC1534C5-44E9-47B3-8551-D5B21E88FEE3}.Debug|Mixed Platforms.ActiveCfg = Debug|Any CPU
		{DC1534C5-44E9-47B3-8551-D5B21E88FEE3}.Debug|Mixed Platforms.Build.0 = Debug|Any CPU
		{DC1534C5-44E9-47B3-8551-D5B21E88FEE3}.Debug|x86.ActiveCfg = Debug|Any CPU
		{DC1534C5-44E9-47B3-8551-D5B21E88FEE3}.Debug|x86.Build.0 = Debug|Any CPU
		{DC1534C5-44E9-47B3-8551-D5B21E88FEE3}.Release|Any CPU.ActiveCfg = Release|Any CPU
		{DC1534C5-44E9-47B3-8551-D5B21E88FEE3}.Release|Any CPU.Build.0 = Release|Any CPU
		{DC1534C5-44E9-47B3-8551-D5B21E88FEE3}.Release|Mixed Platforms.ActiveCfg = Release|Any CPU
		{DC1534C5-44E9-47B3-8551-D5B21E88FEE3}.Release|Mixed Platforms.Build.0 = Release|Any CPU
		{DC1534C5-44E9-47B3-8551-D5B21E88FEE3}.Release|x86.ActiveCfg = Release|Any CPU
		{DC1534C5-44E9-47B3-8551-D5B21E88FEE3}.Release|x86.Build.0 = Release|Any CPU
		{4E65F5F8-D49D-4B45-B430-8637F584B4D2}.Debug|Any CPU.ActiveCfg = Debug|Any CPU
		{4E65F5F8-D49D-4B45-B430-8637F584B4D2}.Debug|Any CPU.Build.0 = Debug|Any CPU
		{4E65F5F8-D49D-4B45-B430-8637F584B4D2}.Debug|Mixed Platforms.ActiveCfg = Debug|Any CPU
		{4E65F5F8-D49D-4B45-B430-8637F584B4D2}.Debug|Mixed Platforms.Build.0 = Debug|Any CPU
		{4E65F5F8-D49D-4B45-B430-8637F584B4D2}.Debug|x86.ActiveCfg = Debug|Any CPU
		{4E65F5F8-D49D-4B45-B430-8637F584B4D2}.Debug|x86.Build.0 = Debug|Any CPU
		{4E65F5F8-D49D-4B45-B430-8637F584B4D2}.Release|Any CPU.ActiveCfg = Release|Any CPU
		{4E65F5F8-D49D-4B45-B430-8637F584B4D2}.Release|Any CPU.Build.0 = Release|Any CPU
		{4E65F5F8-D49D-4B45-B430-8637F584B4D2}.Release|Mixed Platforms.ActiveCfg = Release|Any CPU
		{4E65F5F8-D49D-4B45-B430-8637F584B4D2}.Release|Mixed Platforms.Build.0 = Release|Any CPU
		{4E65F5F8-D49D-4B45-B430-8637F584B4D2}.Release|x86.ActiveCfg = Release|Any CPU
		{4E65F5F8-D49D-4B45-B430-8637F584B4D2}.Release|x86.Build.0 = Release|Any CPU
		{999346EF-E9B8-4C5B-851A-61E2C5F812FC}.Debug|Any CPU.ActiveCfg = Debug|Any CPU
		{999346EF-E9B8-4C5B-851A-61E2C5F812FC}.Debug|Any CPU.Build.0 = Debug|Any CPU
		{999346EF-E9B8-4C5B-851A-61E2C5F812FC}.Debug|Mixed Platforms.ActiveCfg = Debug|Any CPU
		{999346EF-E9B8-4C5B-851A-61E2C5F812FC}.Debug|Mixed Platforms.Build.0 = Debug|Any CPU
		{999346EF-E9B8-4C5B-851A-61E2C5F812FC}.Debug|x86.ActiveCfg = Debug|Any CPU
		{999346EF-E9B8-4C5B-851A-61E2C5F812FC}.Debug|x86.Build.0 = Debug|Any CPU
		{999346EF-E9B8-4C5B-851A-61E2C5F812FC}.Release|Any CPU.ActiveCfg = Release|Any CPU
		{999346EF-E9B8-4C5B-851A-61E2C5F812FC}.Release|Any CPU.Build.0 = Release|Any CPU
		{999346EF-E9B8-4C5B-851A-61E2C5F812FC}.Release|Mixed Platforms.ActiveCfg = Release|Any CPU
		{999346EF-E9B8-4C5B-851A-61E2C5F812FC}.Release|Mixed Platforms.Build.0 = Release|Any CPU
		{999346EF-E9B8-4C5B-851A-61E2C5F812FC}.Release|x86.ActiveCfg = Release|Any CPU
		{999346EF-E9B8-4C5B-851A-61E2C5F812FC}.Release|x86.Build.0 = Release|Any CPU
		{104904DA-469B-41EF-93E2-4C571AF95E29}.Debug|Any CPU.ActiveCfg = Debug|Any CPU
		{104904DA-469B-41EF-93E2-4C571AF95E29}.Debug|Any CPU.Build.0 = Debug|Any CPU
		{104904DA-469B-41EF-93E2-4C571AF95E29}.Debug|Mixed Platforms.ActiveCfg = Debug|Any CPU
		{104904DA-469B-41EF-93E2-4C571AF95E29}.Debug|Mixed Platforms.Build.0 = Debug|Any CPU
		{104904DA-469B-41EF-93E2-4C571AF95E29}.Debug|x86.ActiveCfg = Debug|Any CPU
		{104904DA-469B-41EF-93E2-4C571AF95E29}.Debug|x86.Build.0 = Debug|Any CPU
		{104904DA-469B-41EF-93E2-4C571AF95E29}.Release|Any CPU.ActiveCfg = Release|Any CPU
		{104904DA-469B-41EF-93E2-4C571AF95E29}.Release|Any CPU.Build.0 = Release|Any CPU
		{104904DA-469B-41EF-93E2-4C571AF95E29}.Release|Mixed Platforms.ActiveCfg = Release|Any CPU
		{104904DA-469B-41EF-93E2-4C571AF95E29}.Release|Mixed Platforms.Build.0 = Release|Any CPU
		{104904DA-469B-41EF-93E2-4C571AF95E29}.Release|x86.ActiveCfg = Release|Any CPU
		{104904DA-469B-41EF-93E2-4C571AF95E29}.Release|x86.Build.0 = Release|Any CPU
		{036A9A57-F097-4836-9274-B7AB9A4CFB30}.Debug|Any CPU.ActiveCfg = Debug|Any CPU
		{036A9A57-F097-4836-9274-B7AB9A4CFB30}.Debug|Any CPU.Build.0 = Debug|Any CPU
		{036A9A57-F097-4836-9274-B7AB9A4CFB30}.Debug|Mixed Platforms.ActiveCfg = Debug|Any CPU
		{036A9A57-F097-4836-9274-B7AB9A4CFB30}.Debug|Mixed Platforms.Build.0 = Debug|Any CPU
		{036A9A57-F097-4836-9274-B7AB9A4CFB30}.Debug|x86.ActiveCfg = Debug|Any CPU
		{036A9A57-F097-4836-9274-B7AB9A4CFB30}.Debug|x86.Build.0 = Debug|Any CPU
		{036A9A57-F097-4836-9274-B7AB9A4CFB30}.Release|Any CPU.ActiveCfg = Release|Any CPU
		{036A9A57-F097-4836-9274-B7AB9A4CFB30}.Release|Any CPU.Build.0 = Release|Any CPU
		{036A9A57-F097-4836-9274-B7AB9A4CFB30}.Release|Mixed Platforms.ActiveCfg = Release|Any CPU
		{036A9A57-F097-4836-9274-B7AB9A4CFB30}.Release|Mixed Platforms.Build.0 = Release|Any CPU
		{036A9A57-F097-4836-9274-B7AB9A4CFB30}.Release|x86.ActiveCfg = Release|Any CPU
		{036A9A57-F097-4836-9274-B7AB9A4CFB30}.Release|x86.Build.0 = Release|Any CPU
		{9C7C3C30-6498-41F0-8838-6E67D4C5A270}.Debug|Any CPU.ActiveCfg = Debug|Any CPU
		{9C7C3C30-6498-41F0-8838-6E67D4C5A270}.Debug|Any CPU.Build.0 = Debug|Any CPU
		{9C7C3C30-6498-41F0-8838-6E67D4C5A270}.Debug|Mixed Platforms.ActiveCfg = Debug|Any CPU
		{9C7C3C30-6498-41F0-8838-6E67D4C5A270}.Debug|Mixed Platforms.Build.0 = Debug|Any CPU
		{9C7C3C30-6498-41F0-8838-6E67D4C5A270}.Debug|x86.ActiveCfg = Debug|Any CPU
		{9C7C3C30-6498-41F0-8838-6E67D4C5A270}.Debug|x86.Build.0 = Debug|Any CPU
		{9C7C3C30-6498-41F0-8838-6E67D4C5A270}.Release|Any CPU.ActiveCfg = Release|Any CPU
		{9C7C3C30-6498-41F0-8838-6E67D4C5A270}.Release|Any CPU.Build.0 = Release|Any CPU
		{9C7C3C30-6498-41F0-8838-6E67D4C5A270}.Release|Mixed Platforms.ActiveCfg = Release|Any CPU
		{9C7C3C30-6498-41F0-8838-6E67D4C5A270}.Release|Mixed Platforms.Build.0 = Release|Any CPU
		{9C7C3C30-6498-41F0-8838-6E67D4C5A270}.Release|x86.ActiveCfg = Release|Any CPU
		{9C7C3C30-6498-41F0-8838-6E67D4C5A270}.Release|x86.Build.0 = Release|Any CPU
		{FE06BF59-EB44-4E4B-87E5-9B0ADF26F9E5}.Debug|Any CPU.ActiveCfg = Debug|Any CPU
		{FE06BF59-EB44-4E4B-87E5-9B0ADF26F9E5}.Debug|Any CPU.Build.0 = Debug|Any CPU
		{FE06BF59-EB44-4E4B-87E5-9B0ADF26F9E5}.Debug|Mixed Platforms.ActiveCfg = Debug|Any CPU
		{FE06BF59-EB44-4E4B-87E5-9B0ADF26F9E5}.Debug|Mixed Platforms.Build.0 = Debug|Any CPU
		{FE06BF59-EB44-4E4B-87E5-9B0ADF26F9E5}.Debug|x86.ActiveCfg = Debug|Any CPU
		{FE06BF59-EB44-4E4B-87E5-9B0ADF26F9E5}.Debug|x86.Build.0 = Debug|Any CPU
		{FE06BF59-EB44-4E4B-87E5-9B0ADF26F9E5}.Release|Any CPU.ActiveCfg = Release|Any CPU
		{FE06BF59-EB44-4E4B-87E5-9B0ADF26F9E5}.Release|Any CPU.Build.0 = Release|Any CPU
		{FE06BF59-EB44-4E4B-87E5-9B0ADF26F9E5}.Release|Mixed Platforms.ActiveCfg = Release|Any CPU
		{FE06BF59-EB44-4E4B-87E5-9B0ADF26F9E5}.Release|Mixed Platforms.Build.0 = Release|Any CPU
		{FE06BF59-EB44-4E4B-87E5-9B0ADF26F9E5}.Release|x86.ActiveCfg = Release|Any CPU
		{FE06BF59-EB44-4E4B-87E5-9B0ADF26F9E5}.Release|x86.Build.0 = Release|Any CPU
		{08D062CE-2DED-4827-9334-C5C1553B7749}.Debug|Any CPU.ActiveCfg = Debug|Any CPU
		{08D062CE-2DED-4827-9334-C5C1553B7749}.Debug|Any CPU.Build.0 = Debug|Any CPU
		{08D062CE-2DED-4827-9334-C5C1553B7749}.Debug|Mixed Platforms.ActiveCfg = Debug|Any CPU
		{08D062CE-2DED-4827-9334-C5C1553B7749}.Debug|Mixed Platforms.Build.0 = Debug|Any CPU
		{08D062CE-2DED-4827-9334-C5C1553B7749}.Debug|x86.ActiveCfg = Debug|Any CPU
		{08D062CE-2DED-4827-9334-C5C1553B7749}.Debug|x86.Build.0 = Debug|Any CPU
		{08D062CE-2DED-4827-9334-C5C1553B7749}.Release|Any CPU.ActiveCfg = Release|Any CPU
		{08D062CE-2DED-4827-9334-C5C1553B7749}.Release|Any CPU.Build.0 = Release|Any CPU
		{08D062CE-2DED-4827-9334-C5C1553B7749}.Release|Mixed Platforms.ActiveCfg = Release|Any CPU
		{08D062CE-2DED-4827-9334-C5C1553B7749}.Release|Mixed Platforms.Build.0 = Release|Any CPU
		{08D062CE-2DED-4827-9334-C5C1553B7749}.Release|x86.ActiveCfg = Release|Any CPU
		{08D062CE-2DED-4827-9334-C5C1553B7749}.Release|x86.Build.0 = Release|Any CPU
		{C1AEB1CE-204C-495C-A7EA-AFFE01BDE82D}.Debug|Any CPU.ActiveCfg = Debug|Any CPU
		{C1AEB1CE-204C-495C-A7EA-AFFE01BDE82D}.Debug|Any CPU.Build.0 = Debug|Any CPU
		{C1AEB1CE-204C-495C-A7EA-AFFE01BDE82D}.Debug|Mixed Platforms.ActiveCfg = Debug|Any CPU
		{C1AEB1CE-204C-495C-A7EA-AFFE01BDE82D}.Debug|Mixed Platforms.Build.0 = Debug|Any CPU
		{C1AEB1CE-204C-495C-A7EA-AFFE01BDE82D}.Debug|x86.ActiveCfg = Debug|Any CPU
		{C1AEB1CE-204C-495C-A7EA-AFFE01BDE82D}.Debug|x86.Build.0 = Debug|Any CPU
		{C1AEB1CE-204C-495C-A7EA-AFFE01BDE82D}.Release|Any CPU.ActiveCfg = Release|Any CPU
		{C1AEB1CE-204C-495C-A7EA-AFFE01BDE82D}.Release|Any CPU.Build.0 = Release|Any CPU
		{C1AEB1CE-204C-495C-A7EA-AFFE01BDE82D}.Release|Mixed Platforms.ActiveCfg = Release|Any CPU
		{C1AEB1CE-204C-495C-A7EA-AFFE01BDE82D}.Release|Mixed Platforms.Build.0 = Release|Any CPU
		{C1AEB1CE-204C-495C-A7EA-AFFE01BDE82D}.Release|x86.ActiveCfg = Release|Any CPU
		{C1AEB1CE-204C-495C-A7EA-AFFE01BDE82D}.Release|x86.Build.0 = Release|Any CPU
		{A9853B31-5354-41D9-AA38-E9A6E61D9BD7}.Debug|Any CPU.ActiveCfg = Debug|Any CPU
		{A9853B31-5354-41D9-AA38-E9A6E61D9BD7}.Debug|Any CPU.Build.0 = Debug|Any CPU
		{A9853B31-5354-41D9-AA38-E9A6E61D9BD7}.Debug|Mixed Platforms.ActiveCfg = Debug|Any CPU
		{A9853B31-5354-41D9-AA38-E9A6E61D9BD7}.Debug|Mixed Platforms.Build.0 = Debug|Any CPU
		{A9853B31-5354-41D9-AA38-E9A6E61D9BD7}.Debug|x86.ActiveCfg = Debug|Any CPU
		{A9853B31-5354-41D9-AA38-E9A6E61D9BD7}.Debug|x86.Build.0 = Debug|Any CPU
		{A9853B31-5354-41D9-AA38-E9A6E61D9BD7}.Release|Any CPU.ActiveCfg = Release|Any CPU
		{A9853B31-5354-41D9-AA38-E9A6E61D9BD7}.Release|Any CPU.Build.0 = Release|Any CPU
		{A9853B31-5354-41D9-AA38-E9A6E61D9BD7}.Release|Mixed Platforms.ActiveCfg = Release|Any CPU
		{A9853B31-5354-41D9-AA38-E9A6E61D9BD7}.Release|Mixed Platforms.Build.0 = Release|Any CPU
		{A9853B31-5354-41D9-AA38-E9A6E61D9BD7}.Release|x86.ActiveCfg = Release|Any CPU
		{A9853B31-5354-41D9-AA38-E9A6E61D9BD7}.Release|x86.Build.0 = Release|Any CPU
		{75C73A3C-0384-4A21-A3D8-B193A7919B02}.Debug|Any CPU.ActiveCfg = Debug|Any CPU
		{75C73A3C-0384-4A21-A3D8-B193A7919B02}.Debug|Any CPU.Build.0 = Debug|Any CPU
		{75C73A3C-0384-4A21-A3D8-B193A7919B02}.Debug|Mixed Platforms.ActiveCfg = Debug|Any CPU
		{75C73A3C-0384-4A21-A3D8-B193A7919B02}.Debug|Mixed Platforms.Build.0 = Debug|Any CPU
		{75C73A3C-0384-4A21-A3D8-B193A7919B02}.Debug|x86.ActiveCfg = Debug|Any CPU
		{75C73A3C-0384-4A21-A3D8-B193A7919B02}.Debug|x86.Build.0 = Debug|Any CPU
		{75C73A3C-0384-4A21-A3D8-B193A7919B02}.Release|Any CPU.ActiveCfg = Release|Any CPU
		{75C73A3C-0384-4A21-A3D8-B193A7919B02}.Release|Any CPU.Build.0 = Release|Any CPU
		{75C73A3C-0384-4A21-A3D8-B193A7919B02}.Release|Mixed Platforms.ActiveCfg = Release|Any CPU
		{75C73A3C-0384-4A21-A3D8-B193A7919B02}.Release|Mixed Platforms.Build.0 = Release|Any CPU
		{75C73A3C-0384-4A21-A3D8-B193A7919B02}.Release|x86.ActiveCfg = Release|Any CPU
		{75C73A3C-0384-4A21-A3D8-B193A7919B02}.Release|x86.Build.0 = Release|Any CPU
		{DDC9E5C0-EEE7-40ED-BBCB-25969DC26902}.Debug|Any CPU.ActiveCfg = Debug|Any CPU
		{DDC9E5C0-EEE7-40ED-BBCB-25969DC26902}.Debug|Any CPU.Build.0 = Debug|Any CPU
		{DDC9E5C0-EEE7-40ED-BBCB-25969DC26902}.Debug|Mixed Platforms.ActiveCfg = Debug|Any CPU
		{DDC9E5C0-EEE7-40ED-BBCB-25969DC26902}.Debug|Mixed Platforms.Build.0 = Debug|Any CPU
		{DDC9E5C0-EEE7-40ED-BBCB-25969DC26902}.Debug|x86.ActiveCfg = Debug|Any CPU
		{DDC9E5C0-EEE7-40ED-BBCB-25969DC26902}.Debug|x86.Build.0 = Debug|Any CPU
		{DDC9E5C0-EEE7-40ED-BBCB-25969DC26902}.Release|Any CPU.ActiveCfg = Release|Any CPU
		{DDC9E5C0-EEE7-40ED-BBCB-25969DC26902}.Release|Any CPU.Build.0 = Release|Any CPU
		{DDC9E5C0-EEE7-40ED-BBCB-25969DC26902}.Release|Mixed Platforms.ActiveCfg = Release|Any CPU
		{DDC9E5C0-EEE7-40ED-BBCB-25969DC26902}.Release|Mixed Platforms.Build.0 = Release|Any CPU
		{DDC9E5C0-EEE7-40ED-BBCB-25969DC26902}.Release|x86.ActiveCfg = Release|Any CPU
		{DDC9E5C0-EEE7-40ED-BBCB-25969DC26902}.Release|x86.Build.0 = Release|Any CPU
		{D10296C4-2A1D-4757-BE56-238488F207DA}.Debug|Any CPU.ActiveCfg = Debug|Any CPU
		{D10296C4-2A1D-4757-BE56-238488F207DA}.Debug|Any CPU.Build.0 = Debug|Any CPU
		{D10296C4-2A1D-4757-BE56-238488F207DA}.Debug|Mixed Platforms.ActiveCfg = Debug|Any CPU
		{D10296C4-2A1D-4757-BE56-238488F207DA}.Debug|Mixed Platforms.Build.0 = Debug|Any CPU
		{D10296C4-2A1D-4757-BE56-238488F207DA}.Debug|x86.ActiveCfg = Debug|Any CPU
		{D10296C4-2A1D-4757-BE56-238488F207DA}.Debug|x86.Build.0 = Debug|Any CPU
		{D10296C4-2A1D-4757-BE56-238488F207DA}.Release|Any CPU.ActiveCfg = Release|Any CPU
		{D10296C4-2A1D-4757-BE56-238488F207DA}.Release|Any CPU.Build.0 = Release|Any CPU
		{D10296C4-2A1D-4757-BE56-238488F207DA}.Release|Mixed Platforms.ActiveCfg = Release|Any CPU
		{D10296C4-2A1D-4757-BE56-238488F207DA}.Release|Mixed Platforms.Build.0 = Release|Any CPU
		{D10296C4-2A1D-4757-BE56-238488F207DA}.Release|x86.ActiveCfg = Release|Any CPU
		{D10296C4-2A1D-4757-BE56-238488F207DA}.Release|x86.Build.0 = Release|Any CPU
	EndGlobalSection
	GlobalSection(SolutionProperties) = preSolution
		HideSolutionNode = FALSE
	EndGlobalSection
	GlobalSection(NestedProjects) = preSolution
		{789F2105-8344-46EC-82D6-60B64C8EEBBA} = {6E913090-EA34-4A90-8DBB-1501F9981F53}
		{9CA6D1E8-177C-4A15-9CFA-3A314A0EFAC1} = {6E913090-EA34-4A90-8DBB-1501F9981F53}
		{03F1F963-8B37-4E92-9374-087785A749DE} = {9CA6D1E8-177C-4A15-9CFA-3A314A0EFAC1}
		{DC1534C5-44E9-47B3-8551-D5B21E88FEE3} = {9CA6D1E8-177C-4A15-9CFA-3A314A0EFAC1}
		{CC4BA631-F0DD-4422-B5D9-1D2009FB4D80} = {9CA6D1E8-177C-4A15-9CFA-3A314A0EFAC1}
		{4E65F5F8-D49D-4B45-B430-8637F584B4D2} = {CC4BA631-F0DD-4422-B5D9-1D2009FB4D80}
		{C3D2F23D-B74E-4D10-A22E-D522623C968A} = {6E913090-EA34-4A90-8DBB-1501F9981F53}
		{999346EF-E9B8-4C5B-851A-61E2C5F812FC} = {C3D2F23D-B74E-4D10-A22E-D522623C968A}
		{FAEAD54B-C35E-4F3F-8284-BB35CF7244BD} = {C3D2F23D-B74E-4D10-A22E-D522623C968A}
		{104904DA-469B-41EF-93E2-4C571AF95E29} = {FAEAD54B-C35E-4F3F-8284-BB35CF7244BD}
		{08D062CE-2DED-4827-9334-C5C1553B7749} = {6E913090-EA34-4A90-8DBB-1501F9981F53}
	EndGlobalSection
	GlobalSection(ExtensibilityGlobals) = postSolution
		SolutionGuid = {4B74146F-6755-49A8-B78C-4CB398840390}
	EndGlobalSection
EndGlobal
